
Microsoft Visual Studio Solution File, Format Version 12.00
# Visual Studio 15
VisualStudioVersion = 15.0.26124.0
MinimumVisualStudioVersion = 15.0.26124.0
Project("{2150E333-8FDC-42A3-9474-1A3956D46DE8}") = "src", "src", "{1618633A-DE30-4927-BDA0-A79802BE7489}"
EndProject
Project("{9A19103F-16F7-4668-BE54-9A1E7A4F7556}") = "CondenserDotNet.Leto.EphemeralBuffers", "src\CondenserDotNet.Leto.EphemeralBuffers\CondenserDotNet.Leto.EphemeralBuffers.csproj", "{81DD485F-4BD6-42D7-9EDF-D6281A97DCD1}"
EndProject
Project("{2150E333-8FDC-42A3-9474-1A3956D46DE8}") = "refs", "refs", "{F085F7F7-1615-491A-A54E-1DF23339DD78}"
EndProject
Project("{9A19103F-16F7-4668-BE54-9A1E7A4F7556}") = "CondenserDotNet.Leto.EphemeralBuffers", "refs\CondenserDotNet.Leto.EphemeralBuffers\CondenserDotNet.Leto.EphemeralBuffers.csproj", "{16C2260F-560A-478B-9540-E5DDD019AA94}"
EndProject
Project("{2150E333-8FDC-42A3-9474-1A3956D46DE8}") = "Solution Items", "Solution Items", "{50907376-4415-40CE-9EC2-8046EA613930}"
	ProjectSection(SolutionItems) = preProject
		appveyor.yml = appveyor.yml
		Directory.build.props = Directory.build.props
		Directory.build.targets = Directory.build.targets
		version.props = version.props
	EndProjectSection
EndProject
Global
	GlobalSection(SolutionConfigurationPlatforms) = preSolution
		Debug|Any CPU = Debug|Any CPU
		Debug|x64 = Debug|x64
		Debug|x86 = Debug|x86
		Release|Any CPU = Release|Any CPU
		Release|x64 = Release|x64
		Release|x86 = Release|x86
	EndGlobalSection
	GlobalSection(ProjectConfigurationPlatforms) = postSolution
		{81DD485F-4BD6-42D7-9EDF-D6281A97DCD1}.Debug|Any CPU.ActiveCfg = Release|Any CPU
		{81DD485F-4BD6-42D7-9EDF-D6281A97DCD1}.Debug|Any CPU.Build.0 = Release|Any CPU
		{81DD485F-4BD6-42D7-9EDF-D6281A97DCD1}.Debug|x64.ActiveCfg = Debug|Any CPU
		{81DD485F-4BD6-42D7-9EDF-D6281A97DCD1}.Debug|x64.Build.0 = Debug|Any CPU
		{81DD485F-4BD6-42D7-9EDF-D6281A97DCD1}.Debug|x86.ActiveCfg = Debug|Any CPU
		{81DD485F-4BD6-42D7-9EDF-D6281A97DCD1}.Debug|x86.Build.0 = Debug|Any CPU
		{81DD485F-4BD6-42D7-9EDF-D6281A97DCD1}.Release|Any CPU.ActiveCfg = Release|Any CPU
		{81DD485F-4BD6-42D7-9EDF-D6281A97DCD1}.Release|Any CPU.Build.0 = Release|Any CPU
		{81DD485F-4BD6-42D7-9EDF-D6281A97DCD1}.Release|x64.ActiveCfg = Release|Any CPU
		{81DD485F-4BD6-42D7-9EDF-D6281A97DCD1}.Release|x64.Build.0 = Release|Any CPU
		{81DD485F-4BD6-42D7-9EDF-D6281A97DCD1}.Release|x86.ActiveCfg = Release|Any CPU
		{81DD485F-4BD6-42D7-9EDF-D6281A97DCD1}.Release|x86.Build.0 = Release|Any CPU
		{16C2260F-560A-478B-9540-E5DDD019AA94}.Debug|Any CPU.ActiveCfg = Debug|Any CPU
		{16C2260F-560A-478B-9540-E5DDD019AA94}.Debug|Any CPU.Build.0 = Debug|Any CPU
		{16C2260F-560A-478B-9540-E5DDD019AA94}.Debug|x64.ActiveCfg = Debug|Any CPU
		{16C2260F-560A-478B-9540-E5DDD019AA94}.Debug|x64.Build.0 = Debug|Any CPU
		{16C2260F-560A-478B-9540-E5DDD019AA94}.Debug|x86.ActiveCfg = Debug|Any CPU
		{16C2260F-560A-478B-9540-E5DDD019AA94}.Debug|x86.Build.0 = Debug|Any CPU
		{16C2260F-560A-478B-9540-E5DDD019AA94}.Release|Any CPU.ActiveCfg = Release|Any CPU
		{16C2260F-560A-478B-9540-E5DDD019AA94}.Release|Any CPU.Build.0 = Release|Any CPU
		{16C2260F-560A-478B-9540-E5DDD019AA94}.Release|x64.ActiveCfg = Release|Any CPU
		{16C2260F-560A-478B-9540-E5DDD019AA94}.Release|x64.Build.0 = Release|Any CPU
		{16C2260F-560A-478B-9540-E5DDD019AA94}.Release|x86.ActiveCfg = Release|Any CPU
		{16C2260F-560A-478B-9540-E5DDD019AA94}.Release|x86.Build.0 = Release|Any CPU
	EndGlobalSection
	GlobalSection(SolutionProperties) = preSolution
		HideSolutionNode = FALSE
	EndGlobalSection
	GlobalSection(NestedProjects) = preSolution
		{81DD485F-4BD6-42D7-9EDF-D6281A97DCD1} = {1618633A-DE30-4927-BDA0-A79802BE7489}
		{16C2260F-560A-478B-9540-E5DDD019AA94} = {F085F7F7-1615-491A-A54E-1DF23339DD78}
	EndGlobalSection
	GlobalSection(ExtensibilityGlobals) = postSolution
		SolutionGuid = {991A6B1B-CAAB-44DF-AD78-C16DCBBDF926}
	EndGlobalSection
EndGlobal
