
Microsoft Visual Studio Solution File, Format Version 12.00
# Visual Studio 15
VisualStudioVersion = 15.0.26124.0
MinimumVisualStudioVersion = 15.0.26124.0
Project("{2150E333-8FDC-42A3-9474-1A3956D46DE8}") = "src", "src", "{1618633A-DE30-4927-BDA0-A79802BE7489}"
EndProject
Project("{FAE04EC0-301F-11D3-BF4B-00C04F79EFBC}") = "CondenserDotNet.Leto.EphemeralBuffers", "src\CondenserDotNet.Leto.EphemeralBuffers\CondenserDotNet.Leto.EphemeralBuffers.csproj", "{81DD485F-4BD6-42D7-9EDF-D6281A97DCD1}"
EndProject
Global
	GlobalSection(SolutionConfigurationPlatforms) = preSolution
		Debug-Unix|Any CPU = Debug-Unix|Any CPU
		Debug-Unix|x64 = Debug-Unix|x64
		Debug-Unix|x86 = Debug-Unix|x86
		Debug-Windows|Any CPU = Debug-Windows|Any CPU
		Debug-Windows|x64 = Debug-Windows|x64
		Debug-Windows|x86 = Debug-Windows|x86
		Release-Unix|Any CPU = Release-Unix|Any CPU
		Release-Unix|x64 = Release-Unix|x64
		Release-Unix|x86 = Release-Unix|x86
		Release-Windows|Any CPU = Release-Windows|Any CPU
		Release-Windows|x64 = Release-Windows|x64
		Release-Windows|x86 = Release-Windows|x86
	EndGlobalSection
	GlobalSection(ProjectConfigurationPlatforms) = postSolution
		{81DD485F-4BD6-42D7-9EDF-D6281A97DCD1}.Debug-Unix|Any CPU.ActiveCfg = Debug-Unix|Any CPU
		{81DD485F-4BD6-42D7-9EDF-D6281A97DCD1}.Debug-Unix|Any CPU.Build.0 = Debug-Unix|Any CPU
		{81DD485F-4BD6-42D7-9EDF-D6281A97DCD1}.Debug-Unix|x64.ActiveCfg = Debug-Unix|Any CPU
		{81DD485F-4BD6-42D7-9EDF-D6281A97DCD1}.Debug-Unix|x64.Build.0 = Debug-Unix|Any CPU
		{81DD485F-4BD6-42D7-9EDF-D6281A97DCD1}.Debug-Unix|x86.ActiveCfg = Debug-Unix|Any CPU
		{81DD485F-4BD6-42D7-9EDF-D6281A97DCD1}.Debug-Unix|x86.Build.0 = Debug-Unix|Any CPU
		{81DD485F-4BD6-42D7-9EDF-D6281A97DCD1}.Debug-Windows|Any CPU.ActiveCfg = Debug-Windows|Any CPU
		{81DD485F-4BD6-42D7-9EDF-D6281A97DCD1}.Debug-Windows|Any CPU.Build.0 = Debug-Windows|Any CPU
		{81DD485F-4BD6-42D7-9EDF-D6281A97DCD1}.Debug-Windows|x64.ActiveCfg = Debug-Windows|Any CPU
		{81DD485F-4BD6-42D7-9EDF-D6281A97DCD1}.Debug-Windows|x64.Build.0 = Debug-Windows|Any CPU
		{81DD485F-4BD6-42D7-9EDF-D6281A97DCD1}.Debug-Windows|x86.ActiveCfg = Debug-Windows|Any CPU
		{81DD485F-4BD6-42D7-9EDF-D6281A97DCD1}.Debug-Windows|x86.Build.0 = Debug-Windows|Any CPU
		{81DD485F-4BD6-42D7-9EDF-D6281A97DCD1}.Release-Unix|Any CPU.ActiveCfg = Release-Unix|Any CPU
		{81DD485F-4BD6-42D7-9EDF-D6281A97DCD1}.Release-Unix|Any CPU.Build.0 = Release-Unix|Any CPU
		{81DD485F-4BD6-42D7-9EDF-D6281A97DCD1}.Release-Unix|x64.ActiveCfg = Release-Unix|Any CPU
		{81DD485F-4BD6-42D7-9EDF-D6281A97DCD1}.Release-Unix|x64.Build.0 = Release-Unix|Any CPU
		{81DD485F-4BD6-42D7-9EDF-D6281A97DCD1}.Release-Unix|x86.ActiveCfg = Release-Unix|Any CPU
		{81DD485F-4BD6-42D7-9EDF-D6281A97DCD1}.Release-Unix|x86.Build.0 = Release-Unix|Any CPU
		{81DD485F-4BD6-42D7-9EDF-D6281A97DCD1}.Release-Windows|Any CPU.ActiveCfg = Release-Windows|Any CPU
		{81DD485F-4BD6-42D7-9EDF-D6281A97DCD1}.Release-Windows|Any CPU.Build.0 = Release-Windows|Any CPU
		{81DD485F-4BD6-42D7-9EDF-D6281A97DCD1}.Release-Windows|x64.ActiveCfg = Release-Windows|Any CPU
		{81DD485F-4BD6-42D7-9EDF-D6281A97DCD1}.Release-Windows|x64.Build.0 = Release-Windows|Any CPU
		{81DD485F-4BD6-42D7-9EDF-D6281A97DCD1}.Release-Windows|x86.ActiveCfg = Release-Windows|Any CPU
		{81DD485F-4BD6-42D7-9EDF-D6281A97DCD1}.Release-Windows|x86.Build.0 = Release-Windows|Any CPU
	EndGlobalSection
	GlobalSection(SolutionProperties) = preSolution
		HideSolutionNode = FALSE
	EndGlobalSection
	GlobalSection(NestedProjects) = preSolution
		{81DD485F-4BD6-42D7-9EDF-D6281A97DCD1} = {1618633A-DE30-4927-BDA0-A79802BE7489}
	EndGlobalSection
	GlobalSection(ExtensibilityGlobals) = postSolution
		SolutionGuid = {991A6B1B-CAAB-44DF-AD78-C16DCBBDF926}
	EndGlobalSection
EndGlobal
